
Microsoft Visual Studio Solution File, Format Version 12.00
# Visual Studio Version 16
VisualStudioVersion = 16.0.30717.126
MinimumVisualStudioVersion = 10.0.40219.1
Project("{8BC9CEB8-8B4A-11D0-8D11-00A0C91BC942}") = "P_S", "P_S\P_S.vcxproj", "{EC2531B9-684F-43E6-8C4B-A2B117ABB5B9}"
EndProject
Global
	GlobalSection(SolutionConfigurationPlatforms) = preSolution
		Debug|x64 = Debug|x64
		Debug|x86 = Debug|x86
		Release|x64 = Release|x64
		Release|x86 = Release|x86
	EndGlobalSection
	GlobalSection(ProjectConfigurationPlatforms) = postSolution
		{EC2531B9-684F-43E6-8C4B-A2B117ABB5B9}.Debug|x64.ActiveCfg = Debug|x64
		{EC2531B9-684F-43E6-8C4B-A2B117ABB5B9}.Debug|x64.Build.0 = Debug|x64
		{EC2531B9-684F-43E6-8C4B-A2B117ABB5B9}.Debug|x86.ActiveCfg = Debug|Win32
		{EC2531B9-684F-43E6-8C4B-A2B117ABB5B9}.Debug|x86.Build.0 = Debug|Win32
		{EC2531B9-684F-43E6-8C4B-A2B117ABB5B9}.Release|x64.ActiveCfg = Release|x64
		{EC2531B9-684F-43E6-8C4B-A2B117ABB5B9}.Release|x64.Build.0 = Release|x64
		{EC2531B9-684F-43E6-8C4B-A2B117ABB5B9}.Release|x86.ActiveCfg = Release|Win32
		{EC2531B9-684F-43E6-8C4B-A2B117ABB5B9}.Release|x86.Build.0 = Release|Win32
	EndGlobalSection
	GlobalSection(SolutionProperties) = preSolution
		HideSolutionNode = FALSE
	EndGlobalSection
	GlobalSection(ExtensibilityGlobals) = postSolution
		SolutionGuid = {1D0C704A-E727-44D7-B507-8A0A2DA4682F}
	EndGlobalSection
EndGlobal
